Microsoft Visual Studio Solution File, Format Version 12.00
# Visual Studio Version 17
VisualStudioVersion = 17.5.2.0
MinimumVisualStudioVersion = 10.0.40219.1
Project("{FAE04EC0-301F-11D3-BF4B-00C04F79EFBC}") = "proj5", "proj5.csproj", "{A45F4835-ABDA-D343-3DE9-A5F467EB2D65}"
EndProject
Global
	GlobalSection(SolutionConfigurationPlatforms) = preSolution
		Debug|Any CPU = Debug|Any CPU
		Release|Any CPU = Release|Any CPU
	EndGlobalSection
	GlobalSection(ProjectConfigurationPlatforms) = postSolution
		{A45F4835-ABDA-D343-3DE9-A5F467EB2D65}.Debug|Any CPU.ActiveCfg = Debug|Any CPU
		{A45F4835-ABDA-D343-3DE9-A5F467EB2D65}.Debug|Any CPU.Build.0 = Debug|Any CPU
		{A45F4835-ABDA-D343-3DE9-A5F467EB2D65}.Release|Any CPU.ActiveCfg = Release|Any CPU
		{A45F4835-ABDA-D343-3DE9-A5F467EB2D65}.Release|Any CPU.Build.0 = Release|Any CPU
	EndGlobalSection
	GlobalSection(SolutionProperties) = preSolution
		HideSolutionNode = FALSE
	EndGlobalSection
	GlobalSection(ExtensibilityGlobals) = postSolution
		SolutionGuid = {845CBC38-F749-4003-A89A-6B7733083501}
	EndGlobalSection
EndGlobal
